
Microsoft Visual Studio Solution File, Format Version 12.00
# Visual Studio Version 16
VisualStudioVersion = 16.0.31624.102
MinimumVisualStudioVersion = 10.0.40219.1
Project("{FAE04EC0-301F-11D3-BF4B-00C04F79EFBC}") = "XmlGeneratorVISIO", "XmlGeneratorVISIO\XmlGeneratorVISIO.csproj", "{1CE1EE73-1E44-497C-A577-EABC23448794}"
EndProject
Project("{FAE04EC0-301F-11D3-BF4B-00C04F79EFBC}") = "SmartDesign.MathUtil", "..\..\..\도면인식과제\Code\Src\SmartDesign.MathUtil\SmartDesign.MathUtil.csproj", "{7A268675-5FCB-4A68-9107-6C067B37E9DE}"
EndProject
Global
	GlobalSection(SolutionConfigurationPlatforms) = preSolution
		Debug|Any CPU = Debug|Any CPU
		Release|Any CPU = Release|Any CPU
	EndGlobalSection
	GlobalSection(ProjectConfigurationPlatforms) = postSolution
		{1CE1EE73-1E44-497C-A577-EABC23448794}.Debug|Any CPU.ActiveCfg = Debug|Any CPU
		{1CE1EE73-1E44-497C-A577-EABC23448794}.Debug|Any CPU.Build.0 = Debug|Any CPU
		{1CE1EE73-1E44-497C-A577-EABC23448794}.Release|Any CPU.ActiveCfg = Release|Any CPU
		{1CE1EE73-1E44-497C-A577-EABC23448794}.Release|Any CPU.Build.0 = Release|Any CPU
		{7A268675-5FCB-4A68-9107-6C067B37E9DE}.Debug|Any CPU.ActiveCfg = Debug|Any CPU
		{7A268675-5FCB-4A68-9107-6C067B37E9DE}.Debug|Any CPU.Build.0 = Debug|Any CPU
		{7A268675-5FCB-4A68-9107-6C067B37E9DE}.Release|Any CPU.ActiveCfg = Release|Any CPU
		{7A268675-5FCB-4A68-9107-6C067B37E9DE}.Release|Any CPU.Build.0 = Release|Any CPU
	EndGlobalSection
	GlobalSection(SolutionProperties) = preSolution
		HideSolutionNode = FALSE
	EndGlobalSection
	GlobalSection(ExtensibilityGlobals) = postSolution
		SolutionGuid = {8ACFFEA0-7E8A-4A32-BF6A-82983C3ACD35}
	EndGlobalSection
EndGlobal
